
Microsoft Visual Studio Solution File, Format Version 12.00
# Visual Studio 15
VisualStudioVersion = 15.0.27703.2042
MinimumVisualStudioVersion = 10.0.40219.1
Project("{FAE04EC0-301F-11D3-BF4B-00C04F79EFBC}") = "WeatherApp.Android", "WeatherApp\WeatherApp.Android\WeatherApp.Android.csproj", "{AF1AEDA1-3815-4905-8526-F29ADF35B208}"
EndProject
Project("{FAE04EC0-301F-11D3-BF4B-00C04F79EFBC}") = "WeatherApp.iOS", "WeatherApp\WeatherApp.iOS\WeatherApp.iOS.csproj", "{F978951A-20F2-4D8D-B196-0F00DB356F92}"
EndProject
Project("{9A19103F-16F7-4668-BE54-9A1E7A4F7556}") = "WeatherApp", "WeatherApp\WeatherApp\WeatherApp.csproj", "{000B3021-67E9-4F01-A14A-C0247DF2979D}"
EndProject
Project("{9A19103F-16F7-4668-BE54-9A1E7A4F7556}") = "DAL", "DAL\DAL.csproj", "{EFA4FD1C-3015-4651-937F-97AEC2DE0C10}"
EndProject
Project("{FAE04EC0-301F-11D3-BF4B-00C04F79EFBC}") = "WeatherApp.Common", "WeatherApp.Common\WeatherApp.Common.csproj", "{2AD04032-ADC6-4C8C-BB72-8848BF57F06A}"
EndProject
Project("{2150E333-8FDC-42A3-9474-1A3956D46DE8}") = "Clients", "Clients", "{26C3A368-569F-4CD8-B82F-EB368B3AE607}"
EndProject
Global
	GlobalSection(SolutionConfigurationPlatforms) = preSolution
		Ad-Hoc|Any CPU = Ad-Hoc|Any CPU
		Ad-Hoc|iPhone = Ad-Hoc|iPhone
		Ad-Hoc|iPhoneSimulator = Ad-Hoc|iPhoneSimulator
		AppStore|Any CPU = AppStore|Any CPU
		AppStore|iPhone = AppStore|iPhone
		AppStore|iPhoneSimulator = AppStore|iPhoneSimulator
		Debug|Any CPU = Debug|Any CPU
		Debug|iPhone = Debug|iPhone
		Debug|iPhoneSimulator = Debug|iPhoneSimulator
		Release|Any CPU = Release|Any CPU
		Release|iPhone = Release|iPhone
		Release|iPhoneSimulator = Release|iPhoneSimulator
	EndGlobalSection
	GlobalSection(ProjectConfigurationPlatforms) = postSolution
		{AF1AEDA1-3815-4905-8526-F29ADF35B208}.Ad-Hoc|Any CPU.ActiveCfg = Release|Any CPU
		{AF1AEDA1-3815-4905-8526-F29ADF35B208}.Ad-Hoc|Any CPU.Build.0 = Release|Any CPU
		{AF1AEDA1-3815-4905-8526-F29ADF35B208}.Ad-Hoc|Any CPU.Deploy.0 = Release|Any CPU
		{AF1AEDA1-3815-4905-8526-F29ADF35B208}.Ad-Hoc|iPhone.ActiveCfg = Release|Any CPU
		{AF1AEDA1-3815-4905-8526-F29ADF35B208}.Ad-Hoc|iPhone.Build.0 = Release|Any CPU
		{AF1AEDA1-3815-4905-8526-F29ADF35B208}.Ad-Hoc|iPhone.Deploy.0 = Release|Any CPU
		{AF1AEDA1-3815-4905-8526-F29ADF35B208}.Ad-Hoc|iPhoneSimulator.ActiveCfg = Release|Any CPU
		{AF1AEDA1-3815-4905-8526-F29ADF35B208}.Ad-Hoc|iPhoneSimulator.Build.0 = Release|Any CPU
		{AF1AEDA1-3815-4905-8526-F29ADF35B208}.Ad-Hoc|iPhoneSimulator.Deploy.0 = Release|Any CPU
		{AF1AEDA1-3815-4905-8526-F29ADF35B208}.AppStore|Any CPU.ActiveCfg = Release|Any CPU
		{AF1AEDA1-3815-4905-8526-F29ADF35B208}.AppStore|Any CPU.Build.0 = Release|Any CPU
		{AF1AEDA1-3815-4905-8526-F29ADF35B208}.AppStore|Any CPU.Deploy.0 = Release|Any CPU
		{AF1AEDA1-3815-4905-8526-F29ADF35B208}.AppStore|iPhone.ActiveCfg = Release|Any CPU
		{AF1AEDA1-3815-4905-8526-F29ADF35B208}.AppStore|iPhone.Build.0 = Release|Any CPU
		{AF1AEDA1-3815-4905-8526-F29ADF35B208}.AppStore|iPhone.Deploy.0 = Release|Any CPU
		{AF1AEDA1-3815-4905-8526-F29ADF35B208}.AppStore|iPhoneSimulator.ActiveCfg = Release|Any CPU
		{AF1AEDA1-3815-4905-8526-F29ADF35B208}.AppStore|iPhoneSimulator.Build.0 = Release|Any CPU
		{AF1AEDA1-3815-4905-8526-F29ADF35B208}.AppStore|iPhoneSimulator.Deploy.0 = Release|Any CPU
		{AF1AEDA1-3815-4905-8526-F29ADF35B208}.Debug|Any CPU.ActiveCfg = Debug|Any CPU
		{AF1AEDA1-3815-4905-8526-F29ADF35B208}.Debug|Any CPU.Build.0 = Debug|Any CPU
		{AF1AEDA1-3815-4905-8526-F29ADF35B208}.Debug|Any CPU.Deploy.0 = Debug|Any CPU
		{AF1AEDA1-3815-4905-8526-F29ADF35B208}.Debug|iPhone.ActiveCfg = Debug|Any CPU
		{AF1AEDA1-3815-4905-8526-F29ADF35B208}.Debug|iPhone.Build.0 = Debug|Any CPU
		{AF1AEDA1-3815-4905-8526-F29ADF35B208}.Debug|iPhone.Deploy.0 = Debug|Any CPU
		{AF1AEDA1-3815-4905-8526-F29ADF35B208}.Debug|iPhoneSimulator.ActiveCfg = Debug|Any CPU
		{AF1AEDA1-3815-4905-8526-F29ADF35B208}.Debug|iPhoneSimulator.Build.0 = Debug|Any CPU
		{AF1AEDA1-3815-4905-8526-F29ADF35B208}.Debug|iPhoneSimulator.Deploy.0 = Debug|Any CPU
		{AF1AEDA1-3815-4905-8526-F29ADF35B208}.Release|Any CPU.ActiveCfg = Release|Any CPU
		{AF1AEDA1-3815-4905-8526-F29ADF35B208}.Release|Any CPU.Build.0 = Release|Any CPU
		{AF1AEDA1-3815-4905-8526-F29ADF35B208}.Release|Any CPU.Deploy.0 = Release|Any CPU
		{AF1AEDA1-3815-4905-8526-F29ADF35B208}.Release|iPhone.ActiveCfg = Release|Any CPU
		{AF1AEDA1-3815-4905-8526-F29ADF35B208}.Release|iPhone.Build.0 = Release|Any CPU
		{AF1AEDA1-3815-4905-8526-F29ADF35B208}.Release|iPhone.Deploy.0 = Release|Any CPU
		{AF1AEDA1-3815-4905-8526-F29ADF35B208}.Release|iPhoneSimulator.ActiveCfg = Release|Any CPU
		{AF1AEDA1-3815-4905-8526-F29ADF35B208}.Release|iPhoneSimulator.Build.0 = Release|Any CPU
		{AF1AEDA1-3815-4905-8526-F29ADF35B208}.Release|iPhoneSimulator.Deploy.0 = Release|Any CPU
		{F978951A-20F2-4D8D-B196-0F00DB356F92}.Ad-Hoc|Any CPU.ActiveCfg = Ad-Hoc|iPhone
		{F978951A-20F2-4D8D-B196-0F00DB356F92}.Ad-Hoc|Any CPU.Build.0 = Ad-Hoc|iPhone
		{F978951A-20F2-4D8D-B196-0F00DB356F92}.Ad-Hoc|Any CPU.Deploy.0 = Ad-Hoc|iPhone
		{F978951A-20F2-4D8D-B196-0F00DB356F92}.Ad-Hoc|iPhone.ActiveCfg = Ad-Hoc|iPhone
		{F978951A-20F2-4D8D-B196-0F00DB356F92}.Ad-Hoc|iPhone.Build.0 = Ad-Hoc|iPhone
		{F978951A-20F2-4D8D-B196-0F00DB356F92}.Ad-Hoc|iPhone.Deploy.0 = Ad-Hoc|iPhone
		{F978951A-20F2-4D8D-B196-0F00DB356F92}.Ad-Hoc|iPhoneSimulator.ActiveCfg = Ad-Hoc|iPhoneSimulator
		{F978951A-20F2-4D8D-B196-0F00DB356F92}.Ad-Hoc|iPhoneSimulator.Build.0 = Ad-Hoc|iPhoneSimulator
		{F978951A-20F2-4D8D-B196-0F00DB356F92}.Ad-Hoc|iPhoneSimulator.Deploy.0 = Ad-Hoc|iPhoneSimulator
		{F978951A-20F2-4D8D-B196-0F00DB356F92}.AppStore|Any CPU.ActiveCfg = AppStore|iPhone
		{F978951A-20F2-4D8D-B196-0F00DB356F92}.AppStore|Any CPU.Build.0 = AppStore|iPhone
		{F978951A-20F2-4D8D-B196-0F00DB356F92}.AppStore|Any CPU.Deploy.0 = AppStore|iPhone
		{F978951A-20F2-4D8D-B196-0F00DB356F92}.AppStore|iPhone.ActiveCfg = AppStore|iPhone
		{F978951A-20F2-4D8D-B196-0F00DB356F92}.AppStore|iPhone.Build.0 = AppStore|iPhone
		{F978951A-20F2-4D8D-B196-0F00DB356F92}.AppStore|iPhone.Deploy.0 = AppStore|iPhone
		{F978951A-20F2-4D8D-B196-0F00DB356F92}.AppStore|iPhoneSimulator.ActiveCfg = AppStore|iPhoneSimulator
		{F978951A-20F2-4D8D-B196-0F00DB356F92}.AppStore|iPhoneSimulator.Build.0 = AppStore|iPhoneSimulator
		{F978951A-20F2-4D8D-B196-0F00DB356F92}.AppStore|iPhoneSimulator.Deploy.0 = AppStore|iPhoneSimulator
		{F978951A-20F2-4D8D-B196-0F00DB356F92}.Debug|Any CPU.ActiveCfg = Debug|iPhoneSimulator
		{F978951A-20F2-4D8D-B196-0F00DB356F92}.Debug|Any CPU.Build.0 = Debug|iPhoneSimulator
		{F978951A-20F2-4D8D-B196-0F00DB356F92}.Debug|Any CPU.Deploy.0 = Debug|iPhoneSimulator
		{F978951A-20F2-4D8D-B196-0F00DB356F92}.Debug|iPhone.ActiveCfg = Debug|iPhone
		{F978951A-20F2-4D8D-B196-0F00DB356F92}.Debug|iPhone.Build.0 = Debug|iPhone
		{F978951A-20F2-4D8D-B196-0F00DB356F92}.Debug|iPhone.Deploy.0 = Debug|iPhone
		{F978951A-20F2-4D8D-B196-0F00DB356F92}.Debug|iPhoneSimulator.ActiveCfg = Debug|iPhoneSimulator
		{F978951A-20F2-4D8D-B196-0F00DB356F92}.Debug|iPhoneSimulator.Build.0 = Debug|iPhoneSimulator
		{F978951A-20F2-4D8D-B196-0F00DB356F92}.Debug|iPhoneSimulator.Deploy.0 = Debug|iPhoneSimulator
		{F978951A-20F2-4D8D-B196-0F00DB356F92}.Release|Any CPU.ActiveCfg = Release|iPhone
		{F978951A-20F2-4D8D-B196-0F00DB356F92}.Release|Any CPU.Build.0 = Release|iPhone
		{F978951A-20F2-4D8D-B196-0F00DB356F92}.Release|Any CPU.Deploy.0 = Release|iPhone
		{F978951A-20F2-4D8D-B196-0F00DB356F92}.Release|iPhone.ActiveCfg = Release|iPhone
		{F978951A-20F2-4D8D-B196-0F00DB356F92}.Release|iPhone.Build.0 = Release|iPhone
		{F978951A-20F2-4D8D-B196-0F00DB356F92}.Release|iPhone.Deploy.0 = Release|iPhone
		{F978951A-20F2-4D8D-B196-0F00DB356F92}.Release|iPhoneSimulator.ActiveCfg = Release|iPhoneSimulator
		{F978951A-20F2-4D8D-B196-0F00DB356F92}.Release|iPhoneSimulator.Build.0 = Release|iPhoneSimulator
		{F978951A-20F2-4D8D-B196-0F00DB356F92}.Release|iPhoneSimulator.Deploy.0 = Release|iPhoneSimulator
		{000B3021-67E9-4F01-A14A-C0247DF2979D}.Ad-Hoc|Any CPU.ActiveCfg = Debug|Any CPU
		{000B3021-67E9-4F01-A14A-C0247DF2979D}.Ad-Hoc|Any CPU.Build.0 = Debug|Any CPU
		{000B3021-67E9-4F01-A14A-C0247DF2979D}.Ad-Hoc|Any CPU.Deploy.0 = Debug|Any CPU
		{000B3021-67E9-4F01-A14A-C0247DF2979D}.Ad-Hoc|iPhone.ActiveCfg = Debug|Any CPU
		{000B3021-67E9-4F01-A14A-C0247DF2979D}.Ad-Hoc|iPhone.Build.0 = Debug|Any CPU
		{000B3021-67E9-4F01-A14A-C0247DF2979D}.Ad-Hoc|iPhone.Deploy.0 = Debug|Any CPU
		{000B3021-67E9-4F01-A14A-C0247DF2979D}.Ad-Hoc|iPhoneSimulator.ActiveCfg = Debug|Any CPU
		{000B3021-67E9-4F01-A14A-C0247DF2979D}.Ad-Hoc|iPhoneSimulator.Build.0 = Debug|Any CPU
		{000B3021-67E9-4F01-A14A-C0247DF2979D}.Ad-Hoc|iPhoneSimulator.Deploy.0 = Debug|Any CPU
		{000B3021-67E9-4F01-A14A-C0247DF2979D}.AppStore|Any CPU.ActiveCfg = Debug|Any CPU
		{000B3021-67E9-4F01-A14A-C0247DF2979D}.AppStore|Any CPU.Build.0 = Debug|Any CPU
		{000B3021-67E9-4F01-A14A-C0247DF2979D}.AppStore|Any CPU.Deploy.0 = Debug|Any CPU
		{000B3021-67E9-4F01-A14A-C0247DF2979D}.AppStore|iPhone.ActiveCfg = Debug|Any CPU
		{000B3021-67E9-4F01-A14A-C0247DF2979D}.AppStore|iPhone.Build.0 = Debug|Any CPU
		{000B3021-67E9-4F01-A14A-C0247DF2979D}.AppStore|iPhone.Deploy.0 = Debug|Any CPU
		{000B3021-67E9-4F01-A14A-C0247DF2979D}.AppStore|iPhoneSimulator.ActiveCfg = Debug|Any CPU
		{000B3021-67E9-4F01-A14A-C0247DF2979D}.AppStore|iPhoneSimulator.Build.0 = Debug|Any CPU
		{000B3021-67E9-4F01-A14A-C0247DF2979D}.AppStore|iPhoneSimulator.Deploy.0 = Debug|Any CPU
		{000B3021-67E9-4F01-A14A-C0247DF2979D}.Debug|Any CPU.ActiveCfg = Debug|Any CPU
		{000B3021-67E9-4F01-A14A-C0247DF2979D}.Debug|Any CPU.Build.0 = Debug|Any CPU
		{000B3021-67E9-4F01-A14A-C0247DF2979D}.Debug|Any CPU.Deploy.0 = Debug|Any CPU
		{000B3021-67E9-4F01-A14A-C0247DF2979D}.Debug|iPhone.ActiveCfg = Debug|Any CPU
		{000B3021-67E9-4F01-A14A-C0247DF2979D}.Debug|iPhone.Build.0 = Debug|Any CPU
		{000B3021-67E9-4F01-A14A-C0247DF2979D}.Debug|iPhone.Deploy.0 = Debug|Any CPU
		{000B3021-67E9-4F01-A14A-C0247DF2979D}.Debug|iPhoneSimulator.ActiveCfg = Debug|Any CPU
		{000B3021-67E9-4F01-A14A-C0247DF2979D}.Debug|iPhoneSimulator.Build.0 = Debug|Any CPU
		{000B3021-67E9-4F01-A14A-C0247DF2979D}.Debug|iPhoneSimulator.Deploy.0 = Debug|Any CPU
		{000B3021-67E9-4F01-A14A-C0247DF2979D}.Release|Any CPU.ActiveCfg = Release|Any CPU
		{000B3021-67E9-4F01-A14A-C0247DF2979D}.Release|Any CPU.Build.0 = Release|Any CPU
		{000B3021-67E9-4F01-A14A-C0247DF2979D}.Release|Any CPU.Deploy.0 = Release|Any CPU
		{000B3021-67E9-4F01-A14A-C0247DF2979D}.Release|iPhone.ActiveCfg = Release|Any CPU
		{000B3021-67E9-4F01-A14A-C0247DF2979D}.Release|iPhone.Build.0 = Release|Any CPU
		{000B3021-67E9-4F01-A14A-C0247DF2979D}.Release|iPhone.Deploy.0 = Release|Any CPU
		{000B3021-67E9-4F01-A14A-C0247DF2979D}.Release|iPhoneSimulator.ActiveCfg = Release|Any CPU
		{000B3021-67E9-4F01-A14A-C0247DF2979D}.Release|iPhoneSimulator.Build.0 = Release|Any CPU
		{000B3021-67E9-4F01-A14A-C0247DF2979D}.Release|iPhoneSimulator.Deploy.0 = Release|Any CPU
		{EFA4FD1C-3015-4651-937F-97AEC2DE0C10}.Ad-Hoc|Any CPU.ActiveCfg = Debug|Any CPU
		{EFA4FD1C-3015-4651-937F-97AEC2DE0C10}.Ad-Hoc|Any CPU.Build.0 = Debug|Any CPU
		{EFA4FD1C-3015-4651-937F-97AEC2DE0C10}.Ad-Hoc|iPhone.ActiveCfg = Debug|Any CPU
		{EFA4FD1C-3015-4651-937F-97AEC2DE0C10}.Ad-Hoc|iPhone.Build.0 = Debug|Any CPU
		{EFA4FD1C-3015-4651-937F-97AEC2DE0C10}.Ad-Hoc|iPhoneSimulator.ActiveCfg = Debug|Any CPU
		{EFA4FD1C-3015-4651-937F-97AEC2DE0C10}.Ad-Hoc|iPhoneSimulator.Build.0 = Debug|Any CPU
		{EFA4FD1C-3015-4651-937F-97AEC2DE0C10}.AppStore|Any CPU.ActiveCfg = Debug|Any CPU
		{EFA4FD1C-3015-4651-937F-97AEC2DE0C10}.AppStore|Any CPU.Build.0 = Debug|Any CPU
		{EFA4FD1C-3015-4651-937F-97AEC2DE0C10}.AppStore|iPhone.ActiveCfg = Debug|Any CPU
		{EFA4FD1C-3015-4651-937F-97AEC2DE0C10}.AppStore|iPhone.Build.0 = Debug|Any CPU
		{EFA4FD1C-3015-4651-937F-97AEC2DE0C10}.AppStore|iPhoneSimulator.ActiveCfg = Debug|Any CPU
		{EFA4FD1C-3015-4651-937F-97AEC2DE0C10}.AppStore|iPhoneSimulator.Build.0 = Debug|Any CPU
		{EFA4FD1C-3015-4651-937F-97AEC2DE0C10}.Debug|Any CPU.ActiveCfg = Debug|Any CPU
		{EFA4FD1C-3015-4651-937F-97AEC2DE0C10}.Debug|Any CPU.Build.0 = Debug|Any CPU
		{EFA4FD1C-3015-4651-937F-97AEC2DE0C10}.Debug|iPhone.ActiveCfg = Debug|Any CPU
		{EFA4FD1C-3015-4651-937F-97AEC2DE0C10}.Debug|iPhone.Build.0 = Debug|Any CPU
		{EFA4FD1C-3015-4651-937F-97AEC2DE0C10}.Debug|iPhoneSimulator.ActiveCfg = Debug|Any CPU
		{EFA4FD1C-3015-4651-937F-97AEC2DE0C10}.Debug|iPhoneSimulator.Build.0 = Debug|Any CPU
		{EFA4FD1C-3015-4651-937F-97AEC2DE0C10}.Release|Any CPU.ActiveCfg = Release|Any CPU
		{EFA4FD1C-3015-4651-937F-97AEC2DE0C10}.Release|Any CPU.Build.0 = Release|Any CPU
		{EFA4FD1C-3015-4651-937F-97AEC2DE0C10}.Release|iPhone.ActiveCfg = Release|Any CPU
		{EFA4FD1C-3015-4651-937F-97AEC2DE0C10}.Release|iPhone.Build.0 = Release|Any CPU
		{EFA4FD1C-3015-4651-937F-97AEC2DE0C10}.Release|iPhoneSimulator.ActiveCfg = Release|Any CPU
		{EFA4FD1C-3015-4651-937F-97AEC2DE0C10}.Release|iPhoneSimulator.Build.0 = Release|Any CPU
		{2AD04032-ADC6-4C8C-BB72-8848BF57F06A}.Ad-Hoc|Any CPU.ActiveCfg = Debug|Any CPU
		{2AD04032-ADC6-4C8C-BB72-8848BF57F06A}.Ad-Hoc|Any CPU.Build.0 = Debug|Any CPU
		{2AD04032-ADC6-4C8C-BB72-8848BF57F06A}.Ad-Hoc|iPhone.ActiveCfg = Debug|Any CPU
		{2AD04032-ADC6-4C8C-BB72-8848BF57F06A}.Ad-Hoc|iPhone.Build.0 = Debug|Any CPU
		{2AD04032-ADC6-4C8C-BB72-8848BF57F06A}.Ad-Hoc|iPhoneSimulator.ActiveCfg = Debug|Any CPU
		{2AD04032-ADC6-4C8C-BB72-8848BF57F06A}.Ad-Hoc|iPhoneSimulator.Build.0 = Debug|Any CPU
		{2AD04032-ADC6-4C8C-BB72-8848BF57F06A}.AppStore|Any CPU.ActiveCfg = Debug|Any CPU
		{2AD04032-ADC6-4C8C-BB72-8848BF57F06A}.AppStore|Any CPU.Build.0 = Debug|Any CPU
		{2AD04032-ADC6-4C8C-BB72-8848BF57F06A}.AppStore|iPhone.ActiveCfg = Debug|Any CPU
		{2AD04032-ADC6-4C8C-BB72-8848BF57F06A}.AppStore|iPhone.Build.0 = Debug|Any CPU
		{2AD04032-ADC6-4C8C-BB72-8848BF57F06A}.AppStore|iPhoneSimulator.ActiveCfg = Debug|Any CPU
		{2AD04032-ADC6-4C8C-BB72-8848BF57F06A}.AppStore|iPhoneSimulator.Build.0 = Debug|Any CPU
		{2AD04032-ADC6-4C8C-BB72-8848BF57F06A}.Debug|Any CPU.ActiveCfg = Debug|Any CPU
		{2AD04032-ADC6-4C8C-BB72-8848BF57F06A}.Debug|Any CPU.Build.0 = Debug|Any CPU
		{2AD04032-ADC6-4C8C-BB72-8848BF57F06A}.Debug|iPhone.ActiveCfg = Debug|Any CPU
		{2AD04032-ADC6-4C8C-BB72-8848BF57F06A}.Debug|iPhone.Build.0 = Debug|Any CPU
		{2AD04032-ADC6-4C8C-BB72-8848BF57F06A}.Debug|iPhoneSimulator.ActiveCfg = Debug|Any CPU
		{2AD04032-ADC6-4C8C-BB72-8848BF57F06A}.Debug|iPhoneSimulator.Build.0 = Debug|Any CPU
		{2AD04032-ADC6-4C8C-BB72-8848BF57F06A}.Release|Any CPU.ActiveCfg = Release|Any CPU
		{2AD04032-ADC6-4C8C-BB72-8848BF57F06A}.Release|Any CPU.Build.0 = Release|Any CPU
		{2AD04032-ADC6-4C8C-BB72-8848BF57F06A}.Release|iPhone.ActiveCfg = Release|Any CPU
		{2AD04032-ADC6-4C8C-BB72-8848BF57F06A}.Release|iPhone.Build.0 = Release|Any CPU
		{2AD04032-ADC6-4C8C-BB72-8848BF57F06A}.Release|iPhoneSimulator.ActiveCfg = Release|Any CPU
		{2AD04032-ADC6-4C8C-BB72-8848BF57F06A}.Release|iPhoneSimulator.Build.0 = Release|Any CPU
	EndGlobalSection
	GlobalSection(SolutionProperties) = preSolution
		HideSolutionNode = FALSE
	EndGlobalSection
	GlobalSection(NestedProjects) = preSolution
		{AF1AEDA1-3815-4905-8526-F29ADF35B208} = {26C3A368-569F-4CD8-B82F-EB368B3AE607}
		{F978951A-20F2-4D8D-B196-0F00DB356F92} = {26C3A368-569F-4CD8-B82F-EB368B3AE607}
		{000B3021-67E9-4F01-A14A-C0247DF2979D} = {26C3A368-569F-4CD8-B82F-EB368B3AE607}
	EndGlobalSection
	GlobalSection(ExtensibilityGlobals) = postSolution
		SolutionGuid = {C1F4D608-088E-4EC4-8F3E-41779C821205}
	EndGlobalSection
EndGlobal
